// !$*UTF8*$!
{
	archiveVersion = 1;
	classes = {
	};
	objectVersion = 55;
	objects = {

/* Begin PBXBuildFile section */
		6AF07888292F5C250000A3F7 /* AppDelegate.swift in Sources */ = {isa = PBXBuildFile; fileRef = 6AF07887292F5C250000A3F7 /* AppDelegate.swift */; };
		6AF0788A292F5C250000A3F7 /* SceneDelegate.swift in Sources */ = {isa = PBXBuildFile; fileRef = 6AF07889292F5C250000A3F7 /* SceneDelegate.swift */; };
		6AF0788C292F5C250000A3F7 /* ViewController.swift in Sources */ = {isa = PBXBuildFile; fileRef = 6AF0788B292F5C250000A3F7 /* ViewController.swift */; };
		6AF0788F292F5C250000A3F7 /* Main.storyboard in Resources */ = {isa = PBXBuildFile; fileRef = 6AF0788D292F5C250000A3F7 /* Main.storyboard */; };
		6AF07891292F5C260000A3F7 /* Assets.xcassets in Resources */ = {isa = PBXBuildFile; fileRef = 6AF07890292F5C260000A3F7 /* Assets.xcassets */; };
		6AF07894292F5C260000A3F7 /* LaunchScreen.storyboard in Resources */ = {isa = PBXBuildFile; fileRef = 6AF07892292F5C260000A3F7 /* LaunchScreen.storyboard */; };
		6AF0789F292F5C260000A3F7 /* GitTestingTests.swift in Sources */ = {isa = PBXBuildFile; fileRef = 6AF0789E292F5C260000A3F7 /* GitTestingTests.swift */; };
		6AF078A9292F5C260000A3F7 /* GitTestingUITests.swift in Sources */ = {isa = PBXBuildFile; fileRef = 6AF078A8292F5C260000A3F7 /* GitTestingUITests.swift */; };
		6AF078AB292F5C260000A3F7 /* GitTestingUITestsLaunchTests.swift in Sources */ = {isa = PBXBuildFile; fileRef = 6AF078AA292F5C260000A3F7 /* GitTestingUITestsLaunchTests.swift */; };
/* End PBXBuildFile section */

/* Begin PBXContainerItemProxy section */
		6AF0789B292F5C260000A3F7 /* PBXContainerItemProxy */ = {
			isa = PBXContainerItemProxy;
			containerPortal = 6AF0787C292F5C240000A3F7 /* Project object */;
			proxyType = 1;
			remoteGlobalIDString = 6AF07883292F5C250000A3F7;
			remoteInfo = GitTesting;
		};
		6AF078A5292F5C260000A3F7 /* PBXContainerItemProxy */ = {
			isa = PBXContainerItemProxy;
			containerPortal = 6AF0787C292F5C240000A3F7 /* Project object */;
			proxyType = 1;
			remoteGlobalIDString = 6AF07883292F5C250000A3F7;
			remoteInfo = GitTesting;
		};
/* End PBXContainerItemProxy section */

/* Begin PBXFileReference section */
		6AF07884292F5C250000A3F7 /* GitTesting.app */ = {isa = PBXFileReference; explicitFileType = wrapper.application; includeInIndex = 0; path = GitTesting.app; sourceTree = BUILT_PRODUCTS_DIR; };
		6AF07887292F5C250000A3F7 /* AppDelegate.swift */ = {isa = PBXFileReference; lastKnownFileType = sourcecode.swift; path = AppDelegate.swift; sourceTree = "<group>"; };
		6AF07889292F5C250000A3F7 /* SceneDelegate.swift */ = {isa = PBXFileReference; lastKnownFileType = sourcecode.swift; path = SceneDelegate.swift; sourceTree = "<group>"; };
		6AF0788B292F5C250000A3F7 /* ViewController.swift */ = {isa = PBXFileReference; lastKnownFileType = sourcecode.swift; path = ViewController.swift; sourceTree = "<group>"; };
		6AF0788E292F5C250000A3F7 /* Base */ = {isa = PBXFileReference; lastKnownFileType = file.storyboard; name = Base; path = Base.lproj/Main.storyboard; sourceTree = "<group>"; };
		6AF07890292F5C260000A3F7 /* Assets.xcassets */ = {isa = PBXFileReference; lastKnownFileType = folder.assetcatalog; path = Assets.xcassets; sourceTree = "<group>"; };
		6AF07893292F5C260000A3F7 /* Base */ = {isa = PBXFileReference; lastKnownFileType = file.storyboard; name = Base; path = Base.lproj/LaunchScreen.storyboard; sourceTree = "<group>"; };
		6AF07895292F5C260000A3F7 /* Info.plist */ = {isa = PBXFileReference; lastKnownFileType = text.plist.xml; path = Info.plist; sourceTree = "<group>"; };
		6AF0789A292F5C260000A3F7 /* GitTestingTests.xctest */ = {isa = PBXFileReference; explicitFileType = wrapper.cfbundle; includeInIndex = 0; path = GitTestingTests.xctest; sourceTree = BUILT_PRODUCTS_DIR; };
		6AF0789E292F5C260000A3F7 /* GitTestingTests.swift */ = {isa = PBXFileReference; lastKnownFileType = sourcecode.swift; path = GitTestingTests.swift; sourceTree = "<group>"; };
		6AF078A4292F5C260000A3F7 /* GitTestingUITests.xctest */ = {isa = PBXFileReference; explicitFileType = wrapper.cfbundle; includeInIndex = 0; path = GitTestingUITests.xctest; sourceTree = BUILT_PRODUCTS_DIR; };
		6AF078A8292F5C260000A3F7 /* GitTestingUITests.swift */ = {isa = PBXFileReference; lastKnownFileType = sourcecode.swift; path = GitTestingUITests.swift; sourceTree = "<group>"; };
		6AF078AA292F5C260000A3F7 /* GitTestingUITestsLaunchTests.swift */ = {isa = PBXFileReference; lastKnownFileType = sourcecode.swift; path = GitTestingUITestsLaunchTests.swift; sourceTree = "<group>"; };
/* End PBXFileReference section */

/* Begin PBXFrameworksBuildPhase section */
		6AF07881292F5C250000A3F7 /* Frameworks */ = {
			isa = PBXFrameworksBuildPhase;
			buildActionMask = 2147483647;
			files = (
			);
			runOnlyForDeploymentPostprocessing = 0;
		};
		6AF07897292F5C260000A3F7 /* Frameworks */ = {
			isa = PBXFrameworksBuildPhase;
			buildActionMask = 2147483647;
			files = (
			);
			runOnlyForDeploymentPostprocessing = 0;
		};
		6AF078A1292F5C260000A3F7 /* Frameworks */ = {
			isa = PBXFrameworksBuildPhase;
			buildActionMask = 2147483647;
			files = (
			);
			runOnlyForDeploymentPostprocessing = 0;
		};
/* End PBXFrameworksBuildPhase section */

/* Begin PBXGroup section */
		6AF0787B292F5C240000A3F7 = {
			isa = PBXGroup;
			children = (
				6AF07886292F5C250000A3F7 /* GitTesting */,
				6AF0789D292F5C260000A3F7 /* GitTestingTests */,
				6AF078A7292F5C260000A3F7 /* GitTestingUITests */,
				6AF07885292F5C250000A3F7 /* Products */,
			);
			sourceTree = "<group>";
		};
		6AF07885292F5C250000A3F7 /* Products */ = {
			isa = PBXGroup;
			children = (
				6AF07884292F5C250000A3F7 /* GitTesting.app */,
				6AF0789A292F5C260000A3F7 /* GitTestingTests.xctest */,
				6AF078A4292F5C260000A3F7 /* GitTestingUITests.xctest */,
			);
			name = Products;
			sourceTree = "<group>";
		};
		6AF07886292F5C250000A3F7 /* GitTesting */ = {
			isa = PBXGroup;
			children = (
				6AF07887292F5C250000A3F7 /* AppDelegate.swift */,
				6AF07889292F5C250000A3F7 /* SceneDelegate.swift */,
				6AF0788B292F5C250000A3F7 /* ViewController.swift */,
				6AF0788D292F5C250000A3F7 /* Main.storyboard */,
				6AF07890292F5C260000A3F7 /* Assets.xcassets */,
				6AF07892292F5C260000A3F7 /* LaunchScreen.storyboard */,
				6AF07895292F5C260000A3F7 /* Info.plist */,
			);
			path = GitTesting;
			sourceTree = "<group>";
		};
		6AF0789D292F5C260000A3F7 /* GitTestingTests */ = {
			isa = PBXGroup;
			children = (
				6AF0789E292F5C260000A3F7 /* GitTestingTests.swift */,
			);
			path = GitTestingTests;
			sourceTree = "<group>";
		};
		6AF078A7292F5C260000A3F7 /* GitTestingUITests */ = {
			isa = PBXGroup;
			children = (
				6AF078A8292F5C260000A3F7 /* GitTestingUITests.swift */,
				6AF078AA292F5C260000A3F7 /* GitTestingUITestsLaunchTests.swift */,
			);
			path = GitTestingUITests;
			sourceTree = "<group>";
		};
/* End PBXGroup section */

/* Begin PBXNativeTarget section */
		6AF07883292F5C250000A3F7 /* GitTesting */ = {
			isa = PBXNativeTarget;
			buildConfigurationList = 6AF078AE292F5C260000A3F7 /* Build configuration list for PBXNativeTarget "GitTesting" */;
			buildPhases = (
				6AF07880292F5C250000A3F7 /* Sources */,
				6AF07881292F5C250000A3F7 /* Frameworks */,
				6AF07882292F5C250000A3F7 /* Resources */,
			);
			buildRules = (
			);
			dependencies = (
			);
			name = GitTesting;
			productName = GitTesting;
			productReference = 6AF07884292F5C250000A3F7 /* GitTesting.app */;
			productType = "com.apple.product-type.application";
		};
		6AF07899292F5C260000A3F7 /* GitTestingTests */ = {
			isa = PBXNativeTarget;
			buildConfigurationList = 6AF078B1292F5C260000A3F7 /* Build configuration list for PBXNativeTarget "GitTestingTests" */;
			buildPhases = (
				6AF07896292F5C260000A3F7 /* Sources */,
				6AF07897292F5C260000A3F7 /* Frameworks */,
				6AF07898292F5C260000A3F7 /* Resources */,
			);
			buildRules = (
			);
			dependencies = (
				6AF0789C292F5C260000A3F7 /* PBXTargetDependency */,
			);
			name = GitTestingTests;
			productName = GitTestingTests;
			productReference = 6AF0789A292F5C260000A3F7 /* GitTestingTests.xctest */;
			productType = "com.apple.product-type.bundle.unit-test";
		};
		6AF078A3292F5C260000A3F7 /* GitTestingUITests */ = {
			isa = PBXNativeTarget;
			buildConfigurationList = 6AF078B4292F5C260000A3F7 /* Build configuration list for PBXNativeTarget "GitTestingUITests" */;
			buildPhases = (
				6AF078A0292F5C260000A3F7 /* Sources */,
				6AF078A1292F5C260000A3F7 /* Frameworks */,
				6AF078A2292F5C260000A3F7 /* Resources */,
			);
			buildRules = (
			);
			dependencies = (
				6AF078A6292F5C260000A3F7 /* PBXTargetDependency */,
			);
			name = GitTestingUITests;
			productName = GitTestingUITests;
			productReference = 6AF078A4292F5C260000A3F7 /* GitTestingUITests.xctest */;
			productType = "com.apple.product-type.bundle.ui-testing";
		};
/* End PBXNativeTarget section */

/* Begin PBXProject section */
		6AF0787C292F5C240000A3F7 /* Project object */ = {
			isa = PBXProject;
			attributes = {
				BuildIndependentTargetsInParallel = 1;
				LastSwiftUpdateCheck = 1340;
				LastUpgradeCheck = 1340;
				TargetAttributes = {
					6AF07883292F5C250000A3F7 = {
						CreatedOnToolsVersion = 13.4.1;
					};
					6AF07899292F5C260000A3F7 = {
						CreatedOnToolsVersion = 13.4.1;
						TestTargetID = 6AF07883292F5C250000A3F7;
					};
					6AF078A3292F5C260000A3F7 = {
						CreatedOnToolsVersion = 13.4.1;
						TestTargetID = 6AF07883292F5C250000A3F7;
					};
				};
			};
			buildConfigurationList = 6AF0787F292F5C240000A3F7 /* Build configuration list for PBXProject "GitTesting" */;
			compatibilityVersion = "Xcode 13.0";
			developmentRegion = en;
			hasScannedForEncodings = 0;
			knownRegions = (
				en,
				Base,
			);
			mainGroup = 6AF0787B292F5C240000A3F7;
			productRefGroup = 6AF07885292F5C250000A3F7 /* Products */;
			projectDirPath = "";
			projectRoot = "";
			targets = (
				6AF07883292F5C250000A3F7 /* GitTesting */,
				6AF07899292F5C260000A3F7 /* GitTestingTests */,
				6AF078A3292F5C260000A3F7 /* GitTestingUITests */,
			);
		};
/* End PBXProject section */

/* Begin PBXResourcesBuildPhase section */
		6AF07882292F5C250000A3F7 /* Resources */ = {
			isa = PBXResourcesBuildPhase;
			buildActionMask = 2147483647;
			files = (
				6AF07894292F5C260000A3F7 /* LaunchScreen.storyboard in Resources */,
				6AF07891292F5C260000A3F7 /* Assets.xcassets in Resources */,
				6AF0788F292F5C250000A3F7 /* Main.storyboard in Resources */,
			);
			runOnlyForDeploymentPostprocessing = 0;
		};
		6AF07898292F5C260000A3F7 /* Resources */ = {
			isa = PBXResourcesBuildPhase;
			buildActionMask = 2147483647;
			files = (
			);
			runOnlyForDeploymentPostprocessing = 0;
		};
		6AF078A2292F5C260000A3F7 /* Resources */ = {
			isa = PBXResourcesBuildPhase;
			buildActionMask = 2147483647;
			files = (
			);
			runOnlyForDeploymentPostprocessing = 0;
		};
/* End PBXResourcesBuildPhase section */

/* Begin PBXSourcesBuildPhase section */
		6AF07880292F5C250000A3F7 /* Sources */ = {
			isa = PBXSourcesBuildPhase;
			buildActionMask = 2147483647;
			files = (
				6AF0788C292F5C250000A3F7 /* ViewController.swift in Sources */,
				6AF07888292F5C250000A3F7 /* AppDelegate.swift in Sources */,
				6AF0788A292F5C250000A3F7 /* SceneDelegate.swift in Sources */,
			);
			runOnlyForDeploymentPostprocessing = 0;
		};
		6AF07896292F5C260000A3F7 /* Sources */ = {
			isa = PBXSourcesBuildPhase;
			buildActionMask = 2147483647;
			files = (
				6AF0789F292F5C260000A3F7 /* GitTestingTests.swift in Sources */,
			);
			runOnlyForDeploymentPostprocessing = 0;
		};
		6AF078A0292F5C260000A3F7 /* Sources */ = {
			isa = PBXSourcesBuildPhase;
			buildActionMask = 2147483647;
			files = (
				6AF078AB292F5C260000A3F7 /* GitTestingUITestsLaunchTests.swift in Sources */,
				6AF078A9292F5C260000A3F7 /* GitTestingUITests.swift in Sources */,
			);
			runOnlyForDeploymentPostprocessing = 0;
		};
/* End PBXSourcesBuildPhase section */

/* Begin PBXTargetDependency section */
		6AF0789C292F5C260000A3F7 /* PBXTargetDependency */ = {
			isa = PBXTargetDependency;
			target = 6AF07883292F5C250000A3F7 /* GitTesting */;
			targetProxy = 6AF0789B292F5C260000A3F7 /* PBXContainerItemProxy */;
		};
		6AF078A6292F5C260000A3F7 /* PBXTargetDependency */ = {
			isa = PBXTargetDependency;
			target = 6AF07883292F5C250000A3F7 /* GitTesting */;
			targetProxy = 6AF078A5292F5C260000A3F7 /* PBXContainerItemProxy */;
		};
/* End PBXTargetDependency section */

/* Begin PBXVariantGroup section */
		6AF0788D292F5C250000A3F7 /* Main.storyboard */ = {
			isa = PBXVariantGroup;
			children = (
				6AF0788E292F5C250000A3F7 /* Base */,
			);
			name = Main.storyboard;
			sourceTree = "<group>";
		};
		6AF07892292F5C260000A3F7 /* LaunchScreen.storyboard */ = {
			isa = PBXVariantGroup;
			children = (
				6AF07893292F5C260000A3F7 /* Base */,
			);
			name = LaunchScreen.storyboard;
			sourceTree = "<group>";
		};
/* End PBXVariantGroup section */

/* Begin XCBuildConfiguration section */
		6AF078AC292F5C260000A3F7 /* Debug */ = {
			isa = XCBuildConfiguration;
			buildSettings = {
				ALWAYS_SEARCH_USER_PATHS = NO;
				CLANG_ANALYZER_NONNULL = YES;
				CLANG_ANALYZER_NUMBER_OBJECT_CONVERSION = YES_AGGRESSIVE;
				CLANG_CXX_LANGUAGE_STANDARD = "gnu++17";
				CLANG_ENABLE_MODULES = YES;
				CLANG_ENABLE_OBJC_ARC = YES;
				CLANG_ENABLE_OBJC_WEAK = YES;
				CLANG_WARN_BLOCK_CAPTURE_AUTORELEASING = YES;
				CLANG_WARN_BOOL_CONVERSION = YES;
				CLANG_WARN_COMMA = YES;
				CLANG_WARN_CONSTANT_CONVERSION = YES;
				CLANG_WARN_DEPRECATED_OBJC_IMPLEMENTATIONS = YES;
				CLANG_WARN_DIRECT_OBJC_ISA_USAGE = YES_ERROR;
				CLANG_WARN_DOCUMENTATION_COMMENTS = YES;
				CLANG_WARN_EMPTY_BODY = YES;
				CLANG_WARN_ENUM_CONVERSION = YES;
				CLANG_WARN_INFINITE_RECURSION = YES;
				CLANG_WARN_INT_CONVERSION = YES;
				CLANG_WARN_NON_LITERAL_NULL_CONVERSION = YES;
				CLANG_WARN_OBJC_IMPLICIT_RETAIN_SELF = YES;
				CLANG_WARN_OBJC_LITERAL_CONVERSION = YES;
				CLANG_WARN_OBJC_ROOT_CLASS = YES_ERROR;
				CLANG_WARN_QUOTED_INCLUDE_IN_FRAMEWORK_HEADER = YES;
				CLANG_WARN_RANGE_LOOP_ANALYSIS = YES;
				CLANG_WARN_STRICT_PROTOTYPES = YES;
				CLANG_WARN_SUSPICIOUS_MOVE = YES;
				CLANG_WARN_UNGUARDED_AVAILABILITY = YES_AGGRESSIVE;
				CLANG_WARN_UNREACHABLE_CODE = YES;
				CLANG_WARN__DUPLICATE_METHOD_MATCH = YES;
				COPY_PHASE_STRIP = NO;
				DEBUG_INFORMATION_FORMAT = dwarf;
				ENABLE_STRICT_OBJC_MSGSEND = YES;
				ENABLE_TESTABILITY = YES;
				GCC_C_LANGUAGE_STANDARD = gnu11;
				GCC_DYNAMIC_NO_PIC = NO;
				GCC_NO_COMMON_BLOCKS = YES;
				GCC_OPTIMIZATION_LEVEL = 0;
				GCC_PREPROCESSOR_DEFINITIONS = (
					"DEBUG=1",
					"$(inherited)",
				);
				GCC_WARN_64_TO_32_BIT_CONVERSION = YES;
				GCC_WARN_ABOUT_RETURN_TYPE = YES_ERROR;
				GCC_WARN_UNDECLARED_SELECTOR = YES;
				GCC_WARN_UNINITIALIZED_AUTOS = YES_AGGRESSIVE;
				GCC_WARN_UNUSED_FUNCTION = YES;
				GCC_WARN_UNUSED_VARIABLE = YES;
				IPHONEOS_DEPLOYMENT_TARGET = 15.5;
				MTL_ENABLE_DEBUG_INFO = INCLUDE_SOURCE;
				MTL_FAST_MATH = YES;
				ONLY_ACTIVE_ARCH = YES;
				SDKROOT = iphoneos;
				SWIFT_ACTIVE_COMPILATION_CONDITIONS = DEBUG;
				SWIFT_OPTIMIZATION_LEVEL = "-Onone";
			};
			name = Debug;
		};
		6AF078AD292F5C260000A3F7 /* Release */ = {
			isa = XCBuildConfiguration;
			buildSettings = {
				ALWAYS_SEARCH_USER_PATHS = NO;
				CLANG_ANALYZER_NONNULL = YES;
				CLANG_ANALYZER_NUMBER_OBJECT_CONVERSION = YES_AGGRESSIVE;
				CLANG_CXX_LANGUAGE_STANDARD = "gnu++17";
				CLANG_ENABLE_MODULES = YES;
				CLANG_ENABLE_OBJC_ARC = YES;
				CLANG_ENABLE_OBJC_WEAK = YES;
				CLANG_WARN_BLOCK_CAPTURE_AUTORELEASING = YES;
				CLANG_WARN_BOOL_CONVERSION = YES;
				CLANG_WARN_COMMA = YES;
				CLANG_WARN_CONSTANT_CONVERSION = YES;
				CLANG_WARN_DEPRECATED_OBJC_IMPLEMENTATIONS = YES;
				CLANG_WARN_DIRECT_OBJC_ISA_USAGE = YES_ERROR;
				CLANG_WARN_DOCUMENTATION_COMMENTS = YES;
				CLANG_WARN_EMPTY_BODY = YES;
				CLANG_WARN_ENUM_CONVERSION = YES;
				CLANG_WARN_INFINITE_RECURSION = YES;
				CLANG_WARN_INT_CONVERSION = YES;
				CLANG_WARN_NON_LITERAL_NULL_CONVERSION = YES;
				CLANG_WARN_OBJC_IMPLICIT_RETAIN_SELF = YES;
				CLANG_WARN_OBJC_LITERAL_CONVERSION = YES;
				CLANG_WARN_OBJC_ROOT_CLASS = YES_ERROR;
				CLANG_WARN_QUOTED_INCLUDE_IN_FRAMEWORK_HEADER = YES;
				CLANG_WARN_RANGE_LOOP_ANALYSIS = YES;
				CLANG_WARN_STRICT_PROTOTYPES = YES;
				CLANG_WARN_SUSPICIOUS_MOVE = YES;
				CLANG_WARN_UNGUARDED_AVAILABILITY = YES_AGGRESSIVE;
				CLANG_WARN_UNREACHABLE_CODE = YES;
				CLANG_WARN__DUPLICATE_METHOD_MATCH = YES;
				COPY_PHASE_STRIP = NO;
				DEBUG_INFORMATION_FORMAT = "dwarf-with-dsym";
				ENABLE_NS_ASSERTIONS = NO;
				ENABLE_STRICT_OBJC_MSGSEND = YES;
				GCC_C_LANGUAGE_STANDARD = gnu11;
				GCC_NO_COMMON_BLOCKS = YES;
				GCC_WARN_64_TO_32_BIT_CONVERSION = YES;
				GCC_WARN_ABOUT_RETURN_TYPE = YES_ERROR;
				GCC_WARN_UNDECLARED_SELECTOR = YES;
				GCC_WARN_UNINITIALIZED_AUTOS = YES_AGGRESSIVE;
				GCC_WARN_UNUSED_FUNCTION = YES;
				GCC_WARN_UNUSED_VARIABLE = YES;
				IPHONEOS_DEPLOYMENT_TARGET = 15.5;
				MTL_ENABLE_DEBUG_INFO = NO;
				MTL_FAST_MATH = YES;
				SDKROOT = iphoneos;
				SWIFT_COMPILATION_MODE = wholemodule;
				SWIFT_OPTIMIZATION_LEVEL = "-O";
				VALIDATE_PRODUCT = YES;
			};
			name = Release;
		};
		6AF078AF292F5C260000A3F7 /* Debug */ = {
			isa = XCBuildConfiguration;
			buildSettings = {
				ASSETCATALOG_COMPILER_APPICON_NAME = AppIcon;
				ASSETCATALOG_COMPILER_GLOBAL_ACCENT_COLOR_NAME = AccentColor;
				CODE_SIGN_STYLE = Automatic;
				CURRENT_PROJECT_VERSION = 1;
				GENERATE_INFOPLIST_FILE = YES;
				INFOPLIST_FILE = GitTesting/Info.plist;
				INFOPLIST_KEY_UIApplicationSupportsIndirectInputEvents = YES;
				INFOPLIST_KEY_UILaunchStoryboardName = LaunchScreen;
				INFOPLIST_KEY_UIMainStoryboardFile = Main;
				INFOPLIST_KEY_UISupportedInterfaceOrientations_iPad = "UIInterfaceOrientationPortrait UIInterfaceOrientationPortraitUpsideDown UIInterfaceOrientationLandscapeLeft UIInterfaceOrientationLandscapeRight";
				INFOPLIST_KEY_UISupportedInterfaceOrientations_iPhone = "UIInterfaceOrientationPortrait UIInterfaceOrientationLandscapeLeft UIInterfaceOrientationLandscapeRight";
				LD_RUNPATH_SEARCH_PATHS = (
					"$(inherited)",
					"@executable_path/Frameworks",
				);
				MARKETING_VERSION = 1.0;
				PRODUCT_BUNDLE_IDENTIFIER = bh.polytechnic.GitTesting;
				PRODUCT_NAME = "$(TARGET_NAME)";
				SWIFT_EMIT_LOC_STRINGS = YES;
				SWIFT_VERSION = 5.0;
				TARGETED_DEVICE_FAMILY = "1,2";
			};
			name = Debug;
		};
		6AF078B0292F5C260000A3F7 /* Release */ = {
			isa = XCBuildConfiguration;
			buildSettings = {
				ASSETCATALOG_COMPILER_APPICON_NAME = AppIcon;
				ASSETCATALOG_COMPILER_GLOBAL_ACCENT_COLOR_NAME = AccentColor;
				CODE_SIGN_STYLE = Automatic;
				CURRENT_PROJECT_VERSION = 1;
				GENERATE_INFOPLIST_FILE = YES;
				INFOPLIST_FILE = GitTesting/Info.plist;
				INFOPLIST_KEY_UIApplicationSupportsIndirectInputEvents = YES;
				INFOPLIST_KEY_UILaunchStoryboardName = LaunchScreen;
				INFOPLIST_KEY_UIMainStoryboardFile = Main;
				INFOPLIST_KEY_UISupportedInterfaceOrientations_iPad = "UIInterfaceOrientationPortrait UIInterfaceOrientationPortraitUpsideDown UIInterfaceOrientationLandscapeLeft UIInterfaceOrientationLandscapeRight";
				INFOPLIST_KEY_UISupportedInterfaceOrientations_iPhone = "UIInterfaceOrientationPortrait UIInterfaceOrientationLandscapeLeft UIInterfaceOrientationLandscapeRight";
				LD_RUNPATH_SEARCH_PATHS = (
					"$(inherited)",
					"@executable_path/Frameworks",
				);
				MARKETING_VERSION = 1.0;
				PRODUCT_BUNDLE_IDENTIFIER = bh.polytechnic.GitTesting;
				PRODUCT_NAME = "$(TARGET_NAME)";
				SWIFT_EMIT_LOC_STRINGS = YES;
				SWIFT_VERSION = 5.0;
				TARGETED_DEVICE_FAMILY = "1,2";
			};
			name = Release;
		};
		6AF078B2292F5C260000A3F7 /* Debug */ = {
			isa = XCBuildConfiguration;
			buildSettings = {
				ALWAYS_EMBED_SWIFT_STANDARD_LIBRARIES = YES;
				BUNDLE_LOADER = "$(TEST_HOST)";
				CODE_SIGN_STYLE = Automatic;
				CURRENT_PROJECT_VERSION = 1;
				GENERATE_INFOPLIST_FILE = YES;
				IPHONEOS_DEPLOYMENT_TARGET = 15.5;
				MARKETING_VERSION = 1.0;
				PRODUCT_BUNDLE_IDENTIFIER = bh.polytechnic.GitTestingTests;
				PRODUCT_NAME = "$(TARGET_NAME)";
				SWIFT_EMIT_LOC_STRINGS = NO;
				SWIFT_VERSION = 5.0;
				TARGETED_DEVICE_FAMILY = "1,2";
				TEST_HOST = "$(BUILT_PRODUCTS_DIR)/GitTesting.app/GitTesting";
			};
			name = Debug;
		};
		6AF078B3292F5C260000A3F7 /* Release */ = {
			isa = XCBuildConfiguration;
			buildSettings = {
				ALWAYS_EMBED_SWIFT_STANDARD_LIBRARIES = YES;
				BUNDLE_LOADER = "$(TEST_HOST)";
				CODE_SIGN_STYLE = Automatic;
				CURRENT_PROJECT_VERSION = 1;
				GENERATE_INFOPLIST_FILE = YES;
				IPHONEOS_DEPLOYMENT_TARGET = 15.5;
				MARKETING_VERSION = 1.0;
				PRODUCT_BUNDLE_IDENTIFIER = bh.polytechnic.GitTestingTests;
				PRODUCT_NAME = "$(TARGET_NAME)";
				SWIFT_EMIT_LOC_STRINGS = NO;
				SWIFT_VERSION = 5.0;
				TARGETED_DEVICE_FAMILY = "1,2";
				TEST_HOST = "$(BUILT_PRODUCTS_DIR)/GitTesting.app/GitTesting";
			};
			name = Release;
		};
		6AF078B5292F5C260000A3F7 /* Debug */ = {
			isa = XCBuildConfiguration;
			buildSettings = {
				ALWAYS_EMBED_SWIFT_STANDARD_LIBRARIES = YES;
				CODE_SIGN_STYLE = Automatic;
				CURRENT_PROJECT_VERSION = 1;
				GENERATE_INFOPLIST_FILE = YES;
				MARKETING_VERSION = 1.0;
				PRODUCT_BUNDLE_IDENTIFIER = bh.polytechnic.GitTestingUITests;
				PRODUCT_NAME = "$(TARGET_NAME)";
				SWIFT_EMIT_LOC_STRINGS = NO;
				SWIFT_VERSION = 5.0;
				TARGETED_DEVICE_FAMILY = "1,2";
				TEST_TARGET_NAME = GitTesting;
			};
			name = Debug;
		};
		6AF078B6292F5C260000A3F7 /* Release */ = {
			isa = XCBuildConfiguration;
			buildSettings = {
				ALWAYS_EMBED_SWIFT_STANDARD_LIBRARIES = YES;
				CODE_SIGN_STYLE = Automatic;
				CURRENT_PROJECT_VERSION = 1;
				GENERATE_INFOPLIST_FILE = YES;
				MARKETING_VERSION = 1.0;
				PRODUCT_BUNDLE_IDENTIFIER = bh.polytechnic.GitTestingUITests;
				PRODUCT_NAME = "$(TARGET_NAME)";
				SWIFT_EMIT_LOC_STRINGS = NO;
				SWIFT_VERSION = 5.0;
				TARGETED_DEVICE_FAMILY = "1,2";
				TEST_TARGET_NAME = GitTesting;
			};
			name = Release;
		};
/* End XCBuildConfiguration section */

/* Begin XCConfigurationList section */
		6AF0787F292F5C240000A3F7 /* Build configuration list for PBXProject "GitTesting" */ = {
			isa = XCConfigurationList;
			buildConfigurations = (
				6AF078AC292F5C260000A3F7 /* Debug */,
				6AF078AD292F5C260000A3F7 /* Release */,
			);
			defaultConfigurationIsVisible = 0;
			defaultConfigurationName = Release;
		};
		6AF078AE292F5C260000A3F7 /* Build configuration list for PBXNativeTarget "GitTesting" */ = {
			isa = XCConfigurationList;
			buildConfigurations = (
				6AF078AF292F5C260000A3F7 /* Debug */,
				6AF078B0292F5C260000A3F7 /* Release */,
			);
			defaultConfigurationIsVisible = 0;
			defaultConfigurationName = Release;
		};
		6AF078B1292F5C260000A3F7 /* Build configuration list for PBXNativeTarget "GitTestingTests" */ = {
			isa = XCConfigurationList;
			buildConfigurations = (
				6AF078B2292F5C260000A3F7 /* Debug */,
				6AF078B3292F5C260000A3F7 /* Release */,
			);
			defaultConfigurationIsVisible = 0;
			defaultConfigurationName = Release;
		};
		6AF078B4292F5C260000A3F7 /* Build configuration list for PBXNativeTarget "GitTestingUITests" */ = {
			isa = XCConfigurationList;
			buildConfigurations = (
				6AF078B5292F5C260000A3F7 /* Debug */,
				6AF078B6292F5C260000A3F7 /* Release */,
			);
			defaultConfigurationIsVisible = 0;
			defaultConfigurationName = Release;
		};
/* End XCConfigurationList section */
	};
	rootObject = 6AF0787C292F5C240000A3F7 /* Project object */;
}
